
Microsoft Visual Studio Solution File, Format Version 11.00
# Visual Studio 2010
Project("{FAE04EC0-301F-11D3-BF4B-00C04F79EFBC}") = "VotingSystemForms", "WindowsFormsApplication1\VotingSystemForms.csproj", "{864625B1-1752-4EED-80D3-1EC74D97490D}"
EndProject
Project("{FAE04EC0-301F-11D3-BF4B-00C04F79EFBC}") = "DatabaseConnection", "DatabaseConnection\DatabaseConnection.csproj", "{483FF24A-A348-47EB-AF8F-42A5A8359E17}"
EndProject
Project("{FAE04EC0-301F-11D3-BF4B-00C04F79EFBC}") = "CoreFunctions", "CoreFunctions\CoreFunctions.csproj", "{2FB7B15B-8D85-47CD-87BF-83EC0DBE8A2D}"
EndProject
Global
	GlobalSection(SolutionConfigurationPlatforms) = preSolution
		Debug|Any CPU = Debug|Any CPU
		Debug|Mixed Platforms = Debug|Mixed Platforms
		Debug|x86 = Debug|x86
		Release|Any CPU = Release|Any CPU
		Release|Mixed Platforms = Release|Mixed Platforms
		Release|x86 = Release|x86
	EndGlobalSection
	GlobalSection(ProjectConfigurationPlatforms) = postSolution
		{864625B1-1752-4EED-80D3-1EC74D97490D}.Debug|Any CPU.ActiveCfg = Debug|x86
		{864625B1-1752-4EED-80D3-1EC74D97490D}.Debug|Mixed Platforms.ActiveCfg = Debug|x86
		{864625B1-1752-4EED-80D3-1EC74D97490D}.Debug|Mixed Platforms.Build.0 = Debug|x86
		{864625B1-1752-4EED-80D3-1EC74D97490D}.Debug|x86.ActiveCfg = Debug|x86
		{864625B1-1752-4EED-80D3-1EC74D97490D}.Debug|x86.Build.0 = Debug|x86
		{864625B1-1752-4EED-80D3-1EC74D97490D}.Release|Any CPU.ActiveCfg = Release|x86
		{864625B1-1752-4EED-80D3-1EC74D97490D}.Release|Mixed Platforms.ActiveCfg = Release|x86
		{864625B1-1752-4EED-80D3-1EC74D97490D}.Release|Mixed Platforms.Build.0 = Release|x86
		{864625B1-1752-4EED-80D3-1EC74D97490D}.Release|x86.ActiveCfg = Release|x86
		{864625B1-1752-4EED-80D3-1EC74D97490D}.Release|x86.Build.0 = Release|x86
		{483FF24A-A348-47EB-AF8F-42A5A8359E17}.Debug|Any CPU.ActiveCfg = Debug|Any CPU
		{483FF24A-A348-47EB-AF8F-42A5A8359E17}.Debug|Any CPU.Build.0 = Debug|Any CPU
		{483FF24A-A348-47EB-AF8F-42A5A8359E17}.Debug|Mixed Platforms.ActiveCfg = Debug|Any CPU
		{483FF24A-A348-47EB-AF8F-42A5A8359E17}.Debug|Mixed Platforms.Build.0 = Debug|Any CPU
		{483FF24A-A348-47EB-AF8F-42A5A8359E17}.Debug|x86.ActiveCfg = Debug|Any CPU
		{483FF24A-A348-47EB-AF8F-42A5A8359E17}.Release|Any CPU.ActiveCfg = Release|Any CPU
		{483FF24A-A348-47EB-AF8F-42A5A8359E17}.Release|Any CPU.Build.0 = Release|Any CPU
		{483FF24A-A348-47EB-AF8F-42A5A8359E17}.Release|Mixed Platforms.ActiveCfg = Release|Any CPU
		{483FF24A-A348-47EB-AF8F-42A5A8359E17}.Release|Mixed Platforms.Build.0 = Release|Any CPU
		{483FF24A-A348-47EB-AF8F-42A5A8359E17}.Release|x86.ActiveCfg = Release|Any CPU
		{2FB7B15B-8D85-47CD-87BF-83EC0DBE8A2D}.Debug|Any CPU.ActiveCfg = Debug|Any CPU
		{2FB7B15B-8D85-47CD-87BF-83EC0DBE8A2D}.Debug|Any CPU.Build.0 = Debug|Any CPU
		{2FB7B15B-8D85-47CD-87BF-83EC0DBE8A2D}.Debug|Mixed Platforms.ActiveCfg = Debug|Any CPU
		{2FB7B15B-8D85-47CD-87BF-83EC0DBE8A2D}.Debug|Mixed Platforms.Build.0 = Debug|Any CPU
		{2FB7B15B-8D85-47CD-87BF-83EC0DBE8A2D}.Debug|x86.ActiveCfg = Debug|Any CPU
		{2FB7B15B-8D85-47CD-87BF-83EC0DBE8A2D}.Release|Any CPU.ActiveCfg = Release|Any CPU
		{2FB7B15B-8D85-47CD-87BF-83EC0DBE8A2D}.Release|Any CPU.Build.0 = Release|Any CPU
		{2FB7B15B-8D85-47CD-87BF-83EC0DBE8A2D}.Release|Mixed Platforms.ActiveCfg = Release|Any CPU
		{2FB7B15B-8D85-47CD-87BF-83EC0DBE8A2D}.Release|Mixed Platforms.Build.0 = Release|Any CPU
		{2FB7B15B-8D85-47CD-87BF-83EC0DBE8A2D}.Release|x86.ActiveCfg = Release|Any CPU
	EndGlobalSection
	GlobalSection(SolutionProperties) = preSolution
		HideSolutionNode = FALSE
	EndGlobalSection
EndGlobal
